// !$*UTF8*$!
{
	archiveVersion = 1;
	classes = {
	};
	objectVersion = 56;
	objects = {

/* Begin PBXBuildFile section */
		0F3B4AB229634F3C0040557C /* DrawFriendsDelegate.swift in Sources */ = {isa = PBXBuildFile; fileRef = 0F3B4AB129634F3C0040557C /* DrawFriendsDelegate.swift */; };
		0F3B4AB62963551F0040557C /* FriendViewModel.swift in Sources */ = {isa = PBXBuildFile; fileRef = 0F3B4AB52963551F0040557C /* FriendViewModel.swift */; };
		0F3B4ABC29635F4E0040557C /* InfoView.swift in Sources */ = {isa = PBXBuildFile; fileRef = 0F3B4ABB29635F4E0040557C /* InfoView.swift */; };
		0F6733E029631ADE00298541 /* DrawFriendsApp.swift in Sources */ = {isa = PBXBuildFile; fileRef = 0F6733DF29631ADE00298541 /* DrawFriendsApp.swift */; };
		0F6733E229631ADE00298541 /* FriendView.swift in Sources */ = {isa = PBXBuildFile; fileRef = 0F6733E129631ADE00298541 /* FriendView.swift */; };
		0F6733E429631ADF00298541 /* Assets.xcassets in Resources */ = {isa = PBXBuildFile; fileRef = 0F6733E329631ADF00298541 /* Assets.xcassets */; };
		0F6733E729631ADF00298541 /* Preview Assets.xcassets in Resources */ = {isa = PBXBuildFile; fileRef = 0F6733E629631ADF00298541 /* Preview Assets.xcassets */; };
		0F6733EF2963306A00298541 /* DrawFriendsHelper.swift in Sources */ = {isa = PBXBuildFile; fileRef = 0F6733EE2963306A00298541 /* DrawFriendsHelper.swift */; };
/* End PBXBuildFile section */

/* Begin PBXFileReference section */
		0F3B4AB129634F3C0040557C /* DrawFriendsDelegate.swift */ = {isa = PBXFileReference; lastKnownFileType = sourcecode.swift; path = DrawFriendsDelegate.swift; sourceTree = "<group>"; };
		0F3B4AB52963551F0040557C /* FriendViewModel.swift */ = {isa = PBXFileReference; lastKnownFileType = sourcecode.swift; path = FriendViewModel.swift; sourceTree = "<group>"; };
		0F3B4ABB29635F4E0040557C /* InfoView.swift */ = {isa = PBXFileReference; lastKnownFileType = sourcecode.swift; path = InfoView.swift; sourceTree = "<group>"; };
		0F6733DC29631ADE00298541 /* DrawFriends.app */ = {isa = PBXFileReference; explicitFileType = wrapper.application; includeInIndex = 0; path = DrawFriends.app; sourceTree = BUILT_PRODUCTS_DIR; };
		0F6733DF29631ADE00298541 /* DrawFriendsApp.swift */ = {isa = PBXFileReference; lastKnownFileType = sourcecode.swift; path = DrawFriendsApp.swift; sourceTree = "<group>"; };
		0F6733E129631ADE00298541 /* FriendView.swift */ = {isa = PBXFileReference; lastKnownFileType = sourcecode.swift; path = FriendView.swift; sourceTree = "<group>"; };
		0F6733E329631ADF00298541 /* Assets.xcassets */ = {isa = PBXFileReference; lastKnownFileType = folder.assetcatalog; path = Assets.xcassets; sourceTree = "<group>"; };
		0F6733E629631ADF00298541 /* Preview Assets.xcassets */ = {isa = PBXFileReference; lastKnownFileType = folder.assetcatalog; path = "Preview Assets.xcassets"; sourceTree = "<group>"; };
		0F6733EE2963306A00298541 /* DrawFriendsHelper.swift */ = {isa = PBXFileReference; lastKnownFileType = sourcecode.swift; path = DrawFriendsHelper.swift; sourceTree = "<group>"; };
/* End PBXFileReference section */

/* Begin PBXFrameworksBuildPhase section */
		0F6733D929631ADE00298541 /* Frameworks */ = {
			isa = PBXFrameworksBuildPhase;
			buildActionMask = 2147483647;
			files = (
			);
			runOnlyForDeploymentPostprocessing = 0;
		};
/* End PBXFrameworksBuildPhase section */

/* Begin PBXGroup section */
		0F3B4AB4296354F10040557C /* Friends */ = {
			isa = PBXGroup;
			children = (
				0F6733E129631ADE00298541 /* FriendView.swift */,
				0F3B4AB52963551F0040557C /* FriendViewModel.swift */,
			);
			path = Friends;
			sourceTree = "<group>";
		};
		0F3B4ABA29635F3E0040557C /* PreviewContent */ = {
			isa = PBXGroup;
			children = (
				0F3B4ABB29635F4E0040557C /* InfoView.swift */,
			);
			path = PreviewContent;
			sourceTree = "<group>";
		};
		0F6733D329631ADE00298541 = {
			isa = PBXGroup;
			children = (
				0F6733DE29631ADE00298541 /* DrawFriends */,
				0F6733DD29631ADE00298541 /* Products */,
			);
			sourceTree = "<group>";
		};
		0F6733DD29631ADE00298541 /* Products */ = {
			isa = PBXGroup;
			children = (
				0F6733DC29631ADE00298541 /* DrawFriends.app */,
			);
			name = Products;
			sourceTree = "<group>";
		};
		0F6733DE29631ADE00298541 /* DrawFriends */ = {
			isa = PBXGroup;
			children = (
				0F3B4ABA29635F3E0040557C /* PreviewContent */,
				0F3B4AB4296354F10040557C /* Friends */,
				0F6733ED2963305800298541 /* Model */,
				0F6733DF29631ADE00298541 /* DrawFriendsApp.swift */,
				0F6733E329631ADF00298541 /* Assets.xcassets */,
				0F6733E529631ADF00298541 /* Preview Content */,
			);
			path = DrawFriends;
			sourceTree = "<group>";
		};
		0F6733E529631ADF00298541 /* Preview Content */ = {
			isa = PBXGroup;
			children = (
				0F6733E629631ADF00298541 /* Preview Assets.xcassets */,
			);
			path = "Preview Content";
			sourceTree = "<group>";
		};
		0F6733ED2963305800298541 /* Model */ = {
			isa = PBXGroup;
			children = (
				0F6733EE2963306A00298541 /* DrawFriendsHelper.swift */,
				0F3B4AB129634F3C0040557C /* DrawFriendsDelegate.swift */,
			);
			path = Model;
			sourceTree = "<group>";
		};
/* End PBXGroup section */

/* Begin PBXNativeTarget section */
		0F6733DB29631ADE00298541 /* DrawFriends */ = {
			isa = PBXNativeTarget;
			buildConfigurationList = 0F6733EA29631ADF00298541 /* Build configuration list for PBXNativeTarget "DrawFriends" */;
			buildPhases = (
				0F6733D829631ADE00298541 /* Sources */,
				0F6733D929631ADE00298541 /* Frameworks */,
				0F6733DA29631ADE00298541 /* Resources */,
			);
			buildRules = (
			);
			dependencies = (
			);
			name = DrawFriends;
			productName = DrawFriends;
			productReference = 0F6733DC29631ADE00298541 /* DrawFriends.app */;
			productType = "com.apple.product-type.application";
		};
/* End PBXNativeTarget section */

/* Begin PBXProject section */
		0F6733D429631ADE00298541 /* Project object */ = {
			isa = PBXProject;
			attributes = {
				BuildIndependentTargetsInParallel = 1;
				LastSwiftUpdateCheck = 1410;
				LastUpgradeCheck = 1410;
				TargetAttributes = {
					0F6733DB29631ADE00298541 = {
						CreatedOnToolsVersion = 14.1;
					};
				};
			};
			buildConfigurationList = 0F6733D729631ADE00298541 /* Build configuration list for PBXProject "DrawFriends" */;
			compatibilityVersion = "Xcode 14.0";
			developmentRegion = en;
			hasScannedForEncodings = 0;
			knownRegions = (
				en,
				Base,
			);
			mainGroup = 0F6733D329631ADE00298541;
			productRefGroup = 0F6733DD29631ADE00298541 /* Products */;
			projectDirPath = "";
			projectRoot = "";
			targets = (
				0F6733DB29631ADE00298541 /* DrawFriends */,
			);
		};
/* End PBXProject section */

/* Begin PBXResourcesBuildPhase section */
		0F6733DA29631ADE00298541 /* Resources */ = {
			isa = PBXResourcesBuildPhase;
			buildActionMask = 2147483647;
			files = (
				0F6733E729631ADF00298541 /* Preview Assets.xcassets in Resources */,
				0F6733E429631ADF00298541 /* Assets.xcassets in Resources */,
			);
			runOnlyForDeploymentPostprocessing = 0;
		};
/* End PBXResourcesBuildPhase section */

/* Begin PBXSourcesBuildPhase section */
		0F6733D829631ADE00298541 /* Sources */ = {
			isa = PBXSourcesBuildPhase;
			buildActionMask = 2147483647;
			files = (
				0F3B4AB62963551F0040557C /* FriendViewModel.swift in Sources */,
				0F6733E229631ADE00298541 /* FriendView.swift in Sources */,
				0F6733E029631ADE00298541 /* DrawFriendsApp.swift in Sources */,
				0F3B4AB229634F3C0040557C /* DrawFriendsDelegate.swift in Sources */,
				0F3B4ABC29635F4E0040557C /* InfoView.swift in Sources */,
				0F6733EF2963306A00298541 /* DrawFriendsHelper.swift in Sources */,
			);
			runOnlyForDeploymentPostprocessing = 0;
		};
/* End PBXSourcesBuildPhase section */

/* Begin XCBuildConfiguration section */
		0F6733E829631ADF00298541 /* Debug */ = {
			isa = XCBuildConfiguration;
			buildSettings = {
				ALWAYS_SEARCH_USER_PATHS = NO;
				CLANG_ANALYZER_NONNULL = YES;
				CLANG_ANALYZER_NUMBER_OBJECT_CONVERSION = YES_AGGRESSIVE;
				CLANG_CXX_LANGUAGE_STANDARD = "gnu++20";
				CLANG_ENABLE_MODULES = YES;
				CLANG_ENABLE_OBJC_ARC = YES;
				CLANG_ENABLE_OBJC_WEAK = YES;
				CLANG_WARN_BLOCK_CAPTURE_AUTORELEASING = YES;
				CLANG_WARN_BOOL_CONVERSION = YES;
				CLANG_WARN_COMMA = YES;
				CLANG_WARN_CONSTANT_CONVERSION = YES;
				CLANG_WARN_DEPRECATED_OBJC_IMPLEMENTATIONS = YES;
				CLANG_WARN_DIRECT_OBJC_ISA_USAGE = YES_ERROR;
				CLANG_WARN_DOCUMENTATION_COMMENTS = YES;
				CLANG_WARN_EMPTY_BODY = YES;
				CLANG_WARN_ENUM_CONVERSION = YES;
				CLANG_WARN_INFINITE_RECURSION = YES;
				CLANG_WARN_INT_CONVERSION = YES;
				CLANG_WARN_NON_LITERAL_NULL_CONVERSION = YES;
				CLANG_WARN_OBJC_IMPLICIT_RETAIN_SELF = YES;
				CLANG_WARN_OBJC_LITERAL_CONVERSION = YES;
				CLANG_WARN_OBJC_ROOT_CLASS = YES_ERROR;
				CLANG_WARN_QUOTED_INCLUDE_IN_FRAMEWORK_HEADER = YES;
				CLANG_WARN_RANGE_LOOP_ANALYSIS = YES;
				CLANG_WARN_STRICT_PROTOTYPES = YES;
				CLANG_WARN_SUSPICIOUS_MOVE = YES;
				CLANG_WARN_UNGUARDED_AVAILABILITY = YES_AGGRESSIVE;
				CLANG_WARN_UNREACHABLE_CODE = YES;
				CLANG_WARN__DUPLICATE_METHOD_MATCH = YES;
				COPY_PHASE_STRIP = NO;
				DEBUG_INFORMATION_FORMAT = dwarf;
				ENABLE_STRICT_OBJC_MSGSEND = YES;
				ENABLE_TESTABILITY = YES;
				GCC_C_LANGUAGE_STANDARD = gnu11;
				GCC_DYNAMIC_NO_PIC = NO;
				GCC_NO_COMMON_BLOCKS = YES;
				GCC_OPTIMIZATION_LEVEL = 0;
				GCC_PREPROCESSOR_DEFINITIONS = (
					"DEBUG=1",
					"$(inherited)",
				);
				GCC_WARN_64_TO_32_BIT_CONVERSION = YES;
				GCC_WARN_ABOUT_RETURN_TYPE = YES_ERROR;
				GCC_WARN_UNDECLARED_SELECTOR = YES;
				GCC_WARN_UNINITIALIZED_AUTOS = YES_AGGRESSIVE;
				GCC_WARN_UNUSED_FUNCTION = YES;
				GCC_WARN_UNUSED_VARIABLE = YES;
				IPHONEOS_DEPLOYMENT_TARGET = 16.1;
				MTL_ENABLE_DEBUG_INFO = INCLUDE_SOURCE;
				MTL_FAST_MATH = YES;
				ONLY_ACTIVE_ARCH = YES;
				SDKROOT = iphoneos;
				SWIFT_ACTIVE_COMPILATION_CONDITIONS = DEBUG;
				SWIFT_OPTIMIZATION_LEVEL = "-Onone";
			};
			name = Debug;
		};
		0F6733E929631ADF00298541 /* Release */ = {
			isa = XCBuildConfiguration;
			buildSettings = {
				ALWAYS_SEARCH_USER_PATHS = NO;
				CLANG_ANALYZER_NONNULL = YES;
				CLANG_ANALYZER_NUMBER_OBJECT_CONVERSION = YES_AGGRESSIVE;
				CLANG_CXX_LANGUAGE_STANDARD = "gnu++20";
				CLANG_ENABLE_MODULES = YES;
				CLANG_ENABLE_OBJC_ARC = YES;
				CLANG_ENABLE_OBJC_WEAK = YES;
				CLANG_WARN_BLOCK_CAPTURE_AUTORELEASING = YES;
				CLANG_WARN_BOOL_CONVERSION = YES;
				CLANG_WARN_COMMA = YES;
				CLANG_WARN_CONSTANT_CONVERSION = YES;
				CLANG_WARN_DEPRECATED_OBJC_IMPLEMENTATIONS = YES;
				CLANG_WARN_DIRECT_OBJC_ISA_USAGE = YES_ERROR;
				CLANG_WARN_DOCUMENTATION_COMMENTS = YES;
				CLANG_WARN_EMPTY_BODY = YES;
				CLANG_WARN_ENUM_CONVERSION = YES;
				CLANG_WARN_INFINITE_RECURSION = YES;
				CLANG_WARN_INT_CONVERSION = YES;
				CLANG_WARN_NON_LITERAL_NULL_CONVERSION = YES;
				CLANG_WARN_OBJC_IMPLICIT_RETAIN_SELF = YES;
				CLANG_WARN_OBJC_LITERAL_CONVERSION = YES;
				CLANG_WARN_OBJC_ROOT_CLASS = YES_ERROR;
				CLANG_WARN_QUOTED_INCLUDE_IN_FRAMEWORK_HEADER = YES;
				CLANG_WARN_RANGE_LOOP_ANALYSIS = YES;
				CLANG_WARN_STRICT_PROTOTYPES = YES;
				CLANG_WARN_SUSPICIOUS_MOVE = YES;
				CLANG_WARN_UNGUARDED_AVAILABILITY = YES_AGGRESSIVE;
				CLANG_WARN_UNREACHABLE_CODE = YES;
				CLANG_WARN__DUPLICATE_METHOD_MATCH = YES;
				COPY_PHASE_STRIP = NO;
				DEBUG_INFORMATION_FORMAT = "dwarf-with-dsym";
				ENABLE_NS_ASSERTIONS = NO;
				ENABLE_STRICT_OBJC_MSGSEND = YES;
				GCC_C_LANGUAGE_STANDARD = gnu11;
				GCC_NO_COMMON_BLOCKS = YES;
				GCC_WARN_64_TO_32_BIT_CONVERSION = YES;
				GCC_WARN_ABOUT_RETURN_TYPE = YES_ERROR;
				GCC_WARN_UNDECLARED_SELECTOR = YES;
				GCC_WARN_UNINITIALIZED_AUTOS = YES_AGGRESSIVE;
				GCC_WARN_UNUSED_FUNCTION = YES;
				GCC_WARN_UNUSED_VARIABLE = YES;
				IPHONEOS_DEPLOYMENT_TARGET = 16.1;
				MTL_ENABLE_DEBUG_INFO = NO;
				MTL_FAST_MATH = YES;
				SDKROOT = iphoneos;
				SWIFT_COMPILATION_MODE = wholemodule;
				SWIFT_OPTIMIZATION_LEVEL = "-O";
				VALIDATE_PRODUCT = YES;
			};
			name = Release;
		};
		0F6733EB29631ADF00298541 /* Debug */ = {
			isa = XCBuildConfiguration;
			buildSettings = {
				ASSETCATALOG_COMPILER_APPICON_NAME = AppIcon;
				ASSETCATALOG_COMPILER_GLOBAL_ACCENT_COLOR_NAME = AccentColor;
				CODE_SIGN_STYLE = Automatic;
				CURRENT_PROJECT_VERSION = 1;
				DEVELOPMENT_ASSET_PATHS = "\"DrawFriends/Preview Content\"";
				ENABLE_PREVIEWS = YES;
				GENERATE_INFOPLIST_FILE = YES;
				INFOPLIST_KEY_UIApplicationSceneManifest_Generation = YES;
				INFOPLIST_KEY_UIApplicationSupportsIndirectInputEvents = YES;
				INFOPLIST_KEY_UILaunchScreen_Generation = YES;
				INFOPLIST_KEY_UISupportedInterfaceOrientations_iPad = "UIInterfaceOrientationPortrait UIInterfaceOrientationPortraitUpsideDown UIInterfaceOrientationLandscapeLeft UIInterfaceOrientationLandscapeRight";
				INFOPLIST_KEY_UISupportedInterfaceOrientations_iPhone = "UIInterfaceOrientationPortrait UIInterfaceOrientationLandscapeLeft UIInterfaceOrientationLandscapeRight";
				LD_RUNPATH_SEARCH_PATHS = (
					"$(inherited)",
					"@executable_path/Frameworks",
				);
				MARKETING_VERSION = 1.0;
				PRODUCT_BUNDLE_IDENTIFIER = ai.ermi.DrawFriends;
				PRODUCT_NAME = "$(TARGET_NAME)";
				SWIFT_EMIT_LOC_STRINGS = YES;
				SWIFT_VERSION = 5.0;
				TARGETED_DEVICE_FAMILY = "1,2";
			};
			name = Debug;
		};
		0F6733EC29631ADF00298541 /* Release */ = {
			isa = XCBuildConfiguration;
			buildSettings = {
				ASSETCATALOG_COMPILER_APPICON_NAME = AppIcon;
				ASSETCATALOG_COMPILER_GLOBAL_ACCENT_COLOR_NAME = AccentColor;
				CODE_SIGN_STYLE = Automatic;
				CURRENT_PROJECT_VERSION = 1;
				DEVELOPMENT_ASSET_PATHS = "\"DrawFriends/Preview Content\"";
				ENABLE_PREVIEWS = YES;
				GENERATE_INFOPLIST_FILE = YES;
				INFOPLIST_KEY_UIApplicationSceneManifest_Generation = YES;
				INFOPLIST_KEY_UIApplicationSupportsIndirectInputEvents = YES;
				INFOPLIST_KEY_UILaunchScreen_Generation = YES;
				INFOPLIST_KEY_UISupportedInterfaceOrientations_iPad = "UIInterfaceOrientationPortrait UIInterfaceOrientationPortraitUpsideDown UIInterfaceOrientationLandscapeLeft UIInterfaceOrientationLandscapeRight";
				INFOPLIST_KEY_UISupportedInterfaceOrientations_iPhone = "UIInterfaceOrientationPortrait UIInterfaceOrientationLandscapeLeft UIInterfaceOrientationLandscapeRight";
				LD_RUNPATH_SEARCH_PATHS = (
					"$(inherited)",
					"@executable_path/Frameworks",
				);
				MARKETING_VERSION = 1.0;
				PRODUCT_BUNDLE_IDENTIFIER = ai.ermi.DrawFriends;
				PRODUCT_NAME = "$(TARGET_NAME)";
				SWIFT_EMIT_LOC_STRINGS = YES;
				SWIFT_VERSION = 5.0;
				TARGETED_DEVICE_FAMILY = "1,2";
			};
			name = Release;
		};
/* End XCBuildConfiguration section */

/* Begin XCConfigurationList section */
		0F6733D729631ADE00298541 /* Build configuration list for PBXProject "DrawFriends" */ = {
			isa = XCConfigurationList;
			buildConfigurations = (
				0F6733E829631ADF00298541 /* Debug */,
				0F6733E929631ADF00298541 /* Release */,
			);
			defaultConfigurationIsVisible = 0;
			defaultConfigurationName = Release;
		};
		0F6733EA29631ADF00298541 /* Build configuration list for PBXNativeTarget "DrawFriends" */ = {
			isa = XCConfigurationList;
			buildConfigurations = (
				0F6733EB29631ADF00298541 /* Debug */,
				0F6733EC29631ADF00298541 /* Release */,
			);
			defaultConfigurationIsVisible = 0;
			defaultConfigurationName = Release;
		};
/* End XCConfigurationList section */
	};
	rootObject = 0F6733D429631ADE00298541 /* Project object */;
}
